{
  "version": 4,
  "terraform_version": "1.13.3",
  "serial": 73,
  "lineage": "aff5b368-5ff8-9a63-b2ae-880e69c87682",
  "outputs": {
    "cloudsql_connection_name": {
      "value": "baoafrik-staging:europe-north2:baoafrik-staging-db",
      "type": "string"
    },
    "dev_bucket_name": {
      "value": "baoafrik-dev-uploads",
      "type": "string"
    },
    "dns_name_servers": {
      "value": [
        "ns-cloud-c1.googledomains.com.",
        "ns-cloud-c2.googledomains.com.",
        "ns-cloud-c3.googledomains.com.",
        "ns-cloud-c4.googledomains.com."
      ],
      "type": [
        "list",
        "string"
      ]
    },
    "staging_bucket_name": {
      "value": "baoafrik-staging-uploads",
      "type": "string"
    },
    "staging_instance_ip": {
      "value": "34.51.243.86",
      "type": "string"
    },
    "staging_url": {
      "value": "https://staging.baoafrik.com",
      "type": "string"
    }
  },
  "resources": [
    {
      "module": "module.cloudsql",
      "mode": "managed",
      "type": "google_compute_global_address",
      "name": "private_ip_address",
      "provider": "provider[\"registry.terraform.io/hashicorp/google\"]",
      "instances": [
        {
          "schema_version": 0,
          "attributes": {
            "address": "10.193.0.0",
            "address_type": "INTERNAL",
            "creation_timestamp": "2025-12-09T00:02:40.626-08:00",
            "description": "",
            "effective_labels": {
              "goog-terraform-provisioned": "true"
            },
            "id": "projects/baoafrik-staging/global/addresses/baoafrik-staging-db-priv-ip",
            "ip_version": "",
            "label_fingerprint": "vezUS-42LLM=",
            "labels": {},
            "name": "baoafrik-staging-db-priv-ip",
            "network": "https://www.googleapis.com/compute/v1/projects/baoafrik-staging/global/networks/baoafrik-staging-vpc",
            "prefix_length": 16,
            "project": "baoafrik-staging",
            "purpose": "VPC_PEERING",
            "self_link": "https://www.googleapis.com/compute/v1/projects/baoafrik-staging/global/addresses/baoafrik-staging-db-priv-ip",
            "terraform_labels": {
              "goog-terraform-provisioned": "true"
            },
            "timeouts": null
          },
          "sensitive_attributes": [],
          "identity_schema_version": 0,
          "private": "eyJlMmJmYjczMC1lY2FhLTExZTYtOGY4OC0zNDM2M2JjN2M0YzAiOnsiY3JlYXRlIjoxMjAwMDAwMDAwMDAwLCJkZWxldGUiOjEyMDAwMDAwMDAwMDAsInVwZGF0ZSI6MTIwMDAwMDAwMDAwMH19",
          "dependencies": [
            "module.vpc.google_compute_network.vpc"
          ]
        }
      ]
    },
    {
      "module": "module.cloudsql",
      "mode": "managed",
      "type": "google_project_service",
      "name": "compute",
      "provider": "provider[\"registry.terraform.io/hashicorp/google\"]",
      "instances": [
        {
          "schema_version": 0,
          "attributes": {
            "disable_dependent_services": null,
            "disable_on_destroy": false,
            "id": "baoafrik-staging/compute.googleapis.com",
            "project": "baoafrik-staging",
            "service": "compute.googleapis.com",
            "timeouts": null
          },
          "sensitive_attributes": [],
          "identity_schema_version": 0,
          "private": "eyJlMmJmYjczMC1lY2FhLTExZTYtOGY4OC0zNDM2M2JjN2M0YzAiOnsiY3JlYXRlIjoxMjAwMDAwMDAwMDAwLCJkZWxldGUiOjEyMDAwMDAwMDAwMDAsInJlYWQiOjYwMDAwMDAwMDAwMCwidXBkYXRlIjoxMjAwMDAwMDAwMDAwfX0="
        }
      ]
    },
    {
      "module": "module.cloudsql",
      "mode": "managed",
      "type": "google_project_service",
      "name": "servicenetworking",
      "provider": "provider[\"registry.terraform.io/hashicorp/google\"]",
      "instances": [
        {
          "schema_version": 0,
          "attributes": {
            "disable_dependent_services": null,
            "disable_on_destroy": false,
            "id": "baoafrik-staging/servicenetworking.googleapis.com",
            "project": "baoafrik-staging",
            "service": "servicenetworking.googleapis.com",
            "timeouts": null
          },
          "sensitive_attributes": [],
          "identity_schema_version": 0,
          "private": "eyJlMmJmYjczMC1lY2FhLTExZTYtOGY4OC0zNDM2M2JjN2M0YzAiOnsiY3JlYXRlIjoxMjAwMDAwMDAwMDAwLCJkZWxldGUiOjEyMDAwMDAwMDAwMDAsInJlYWQiOjYwMDAwMDAwMDAwMCwidXBkYXRlIjoxMjAwMDAwMDAwMDAwfX0="
        }
      ]
    },
    {
      "module": "module.cloudsql",
      "mode": "managed",
      "type": "google_project_service",
      "name": "sqladmin",
      "provider": "provider[\"registry.terraform.io/hashicorp/google\"]",
      "instances": [
        {
          "schema_version": 0,
          "attributes": {
            "disable_dependent_services": null,
            "disable_on_destroy": false,
            "id": "baoafrik-staging/sqladmin.googleapis.com",
            "project": "baoafrik-staging",
            "service": "sqladmin.googleapis.com",
            "timeouts": null
          },
          "sensitive_attributes": [],
          "identity_schema_version": 0,
          "private": "eyJlMmJmYjczMC1lY2FhLTExZTYtOGY4OC0zNDM2M2JjN2M0YzAiOnsiY3JlYXRlIjoxMjAwMDAwMDAwMDAwLCJkZWxldGUiOjEyMDAwMDAwMDAwMDAsInJlYWQiOjYwMDAwMDAwMDAwMCwidXBkYXRlIjoxMjAwMDAwMDAwMDAwfX0="
        }
      ]
    },
    {
      "module": "module.cloudsql",
      "mode": "managed",
      "type": "google_service_networking_connection",
      "name": "private_vpc_connection",
      "provider": "provider[\"registry.terraform.io/hashicorp/google\"]",
      "instances": [
        {
          "schema_version": 0,
          "attributes": {
            "deletion_policy": null,
            "id": "https%3A%2F%2Fwww.googleapis.com%2Fcompute%2Fv1%2Fprojects%2Fbaoafrik-staging%2Fglobal%2Fnetworks%2Fbaoafrik-staging-vpc:servicenetworking.googleapis.com",
            "network": "https://www.googleapis.com/compute/v1/projects/baoafrik-staging/global/networks/baoafrik-staging-vpc",
            "peering": "servicenetworking-googleapis-com",
            "reserved_peering_ranges": [
              "baoafrik-staging-db-priv-ip"
            ],
            "service": "servicenetworking.googleapis.com",
            "timeouts": null,
            "update_on_creation_fail": null
          },
          "sensitive_attributes": [],
          "identity_schema_version": 0,
          "private": "eyJlMmJmYjczMC1lY2FhLTExZTYtOGY4OC0zNDM2M2JjN2M0YzAiOnsiY3JlYXRlIjo2MDAwMDAwMDAwMDAsImRlbGV0ZSI6NjAwMDAwMDAwMDAwLCJ1cGRhdGUiOjYwMDAwMDAwMDAwMH19",
          "dependencies": [
            "module.cloudsql.google_compute_global_address.private_ip_address",
            "module.cloudsql.google_project_service.servicenetworking",
            "module.vpc.google_compute_network.vpc"
          ]
        }
      ]
    },
    {
      "module": "module.cloudsql",
      "mode": "managed",
      "type": "google_sql_database",
      "name": "app_db",
      "provider": "provider[\"registry.terraform.io/hashicorp/google\"]",
      "instances": [
        {
          "schema_version": 0,
          "attributes": {
            "charset": "UTF8",
            "collation": "en_US.UTF8",
            "deletion_policy": "DELETE",
            "id": "projects/baoafrik-staging/instances/baoafrik-staging-db/databases/baoafrik-staging-db",
            "instance": "baoafrik-staging-db",
            "name": "baoafrik-staging-db",
            "project": "baoafrik-staging",
            "self_link": "https://sqladmin.googleapis.com/sql/v1beta4/projects/baoafrik-staging/instances/baoafrik-staging-db/databases/baoafrik-staging-db",
            "timeouts": null
          },
          "sensitive_attributes": [],
          "identity_schema_version": 0,
          "private": "eyJlMmJmYjczMC1lY2FhLTExZTYtOGY4OC0zNDM2M2JjN2M0YzAiOnsiY3JlYXRlIjoxMjAwMDAwMDAwMDAwLCJkZWxldGUiOjEyMDAwMDAwMDAwMDAsInVwZGF0ZSI6MTIwMDAwMDAwMDAwMH19",
          "dependencies": [
            "module.cloudsql.google_compute_global_address.private_ip_address",
            "module.cloudsql.google_project_service.servicenetworking",
            "module.cloudsql.google_service_networking_connection.private_vpc_connection",
            "module.cloudsql.google_sql_database_instance.postgres",
            "module.vpc.google_compute_network.vpc"
          ]
        }
      ]
    },
    {
      "module": "module.cloudsql",
      "mode": "managed",
      "type": "google_sql_database_instance",
      "name": "postgres",
      "provider": "provider[\"registry.terraform.io/hashicorp/google\"]",
      "instances": [
        {
          "schema_version": 0,
          "attributes": {
            "available_maintenance_versions": [],
            "backupdr_backup": null,
            "clone": [],
            "connection_name": "baoafrik-staging:europe-north2:baoafrik-staging-db",
            "database_version": "POSTGRES_17",
            "deletion_protection": true,
            "dns_name": "",
            "dns_names": [],
            "encryption_key_name": null,
            "final_backup_description": null,
            "first_ip_address": "10.193.0.3",
            "id": "baoafrik-staging-db",
            "instance_type": "CLOUD_SQL_INSTANCE",
            "ip_address": [
              {
                "ip_address": "10.193.0.3",
                "time_to_retire": "",
                "type": "PRIVATE"
              }
            ],
            "maintenance_version": "POSTGRES_17_7.R20251004.01_19",
            "master_instance_name": "",
            "name": "baoafrik-staging-db",
            "node_count": 0,
            "point_in_time_restore_context": [],
            "private_ip_address": "10.193.0.3",
            "project": "baoafrik-staging",
            "psc_service_attachment_link": "",
            "public_ip_address": "",
            "region": "europe-north2",
            "replica_configuration": [],
            "replica_names": [],
            "replication_cluster": [
              {
                "dr_replica": false,
                "failover_dr_replica_name": "",
                "psa_write_endpoint": ""
              }
            ],
            "restore_backup_context": [],
            "root_password": null,
            "self_link": "https://sqladmin.googleapis.com/sql/v1beta4/projects/baoafrik-staging/instances/baoafrik-staging-db",
            "server_ca_cert": [
              {
                "cert": "-----BEGIN CERTIFICATE-----\nMIIDfzCCAmegAwIBAgIBADANBgkqhkiG9w0BAQsFADB3MS0wKwYDVQQuEyQ5NWY4\nODUzZC0zYWRlLTRlZDctODFiZi1mMDAzMzc2NGZhM2UxIzAhBgNVBAMTGkdvb2ds\nZSBDbG91ZCBTUUwgU2VydmVyIENBMRQwEgYDVQQKEwtHb29nbGUsIEluYzELMAkG\nA1UEBhMCVVMwHhcNMjUxMjA5MDgwNjM1WhcNMzUxMjA3MDgwNzM1WjB3MS0wKwYD\nVQQuEyQ5NWY4ODUzZC0zYWRlLTRlZDctODFiZi1mMDAzMzc2NGZhM2UxIzAhBgNV\nBAMTGkdvb2dsZSBDbG91ZCBTUUwgU2VydmVyIENBMRQwEgYDVQQKEwtHb29nbGUs\nIEluYzELMAkGA1UEBhMCVVMwggEiMA0GCSqGSIb3DQEBAQUAA4IBDwAwggEKAoIB\nAQDGZhZHGwTLLalIwv2c8tNSCh98TqQa3pB+/RwbKmvjSYEdv/raxdTR5TSmqF1j\nQe1R4yI4CzDgFd+Luopf7ByxFM/kBQ2lNmQZWAnz9TUi2UM9DqZBpnjcLEB2VhXL\nHJTasxhHmQAwXZumuxpX1gL1AKZJlMUB9VLx0TuNK/K6rwfcJGOOjZEeSEEK98sx\ncrubpVzlHisoVKPr08bqNp8IOYp88DN4lo5Pp0tvS0ztzzJrb3+RAQKCve3og8RC\n3tR92ZE4IYLtOuIO1aIBaDSktAy7/oygRTZ6U1Yvg0guxJQ3hN1Hwly+xf+DiE8p\nsnN4k3UjNOD52miF4rVYRYjrAgMBAAGjFjAUMBIGA1UdEwEB/wQIMAYBAf8CAQAw\nDQYJKoZIhvcNAQELBQADggEBAJ7lC54l8LFpGg6IREOrHJXlr/Qt594iUyK9ImfI\nTKK/BJak3kP8HsXKoqffbo4nS/0RJ0edNd6fWxojeF+z7FJ+yf5WKMswRAyKMpOE\nHU0rM86yEfJ7p7D8/HsMhjZxK6+jCGFZ6kJOsPJuU23DLgTnNpUm01+ivGUqx8q3\nFH3W5Hjv7b9EvfctA1Qk6bf2HCMnZCOQFSGvJbL4nXfftGJ1FhMVR0fTtzBMFZ2r\ngeHqUsoqZ/859U6ws7Q7iPqQf7wTW3LQgnLKrfTgUHxip8pV0s2PKa/E6frEV3Qs\nhqvRHrDTvbJAQSyx+QppAqUIL7TAiCQxHLh8tPuR7qyj0dA=\n-----END CERTIFICATE-----",
                "common_name": "C=US,O=Google\\, Inc,CN=Google Cloud SQL Server CA,dnQualifier=95f8853d-3ade-4ed7-81bf-f0033764fa3e",
                "create_time": "2025-12-09T08:06:35.774Z",
                "expiration_time": "2035-12-07T08:07:35.774Z",
                "sha1_fingerprint": "0d502376d54b6888c7c2699897f21db49d46c73c"
              }
            ],
            "service_account_email_address": "p511694531180-13qivh@gcp-sa-cloud-sql.iam.gserviceaccount.com",
            "settings": [
              {
                "activation_policy": "ALWAYS",
                "active_directory_config": [],
                "advanced_machine_features": [],
                "availability_type": "ZONAL",
                "backup_configuration": [
                  {
                    "backup_retention_settings": [
                      {
                        "retained_backups": 7,
                        "retention_unit": "COUNT"
                      }
                    ],
                    "binary_log_enabled": false,
                    "enabled": false,
                    "location": "",
                    "point_in_time_recovery_enabled": false,
                    "start_time": "20:00",
                    "transaction_log_retention_days": 7
                  }
                ],
                "collation": "",
                "connection_pool_config": [],
                "connector_enforcement": "NOT_REQUIRED",
                "data_cache_config": [
                  {
                    "data_cache_enabled": false
                  }
                ],
                "database_flags": [
                  {
                    "name": "cloudsql.iam_authentication",
                    "value": "on"
                  }
                ],
                "deletion_protection_enabled": false,
                "deny_maintenance_period": [],
                "disk_autoresize": true,
                "disk_autoresize_limit": 0,
                "disk_size": 20,
                "disk_type": "PD_SSD",
                "edition": "ENTERPRISE",
                "effective_availability_type": "ZONAL",
                "enable_dataplex_integration": false,
                "enable_google_ml_integration": false,
                "final_backup_config": [],
                "insights_config": [],
                "ip_configuration": [
                  {
                    "allocated_ip_range": "",
                    "authorized_networks": [],
                    "custom_subject_alternative_names": [],
                    "enable_private_path_for_google_cloud_services": false,
                    "ipv4_enabled": false,
                    "private_network": "projects/baoafrik-staging/global/networks/baoafrik-staging-vpc",
                    "psc_config": [],
                    "server_ca_mode": "GOOGLE_MANAGED_INTERNAL_CA",
                    "server_ca_pool": "",
                    "ssl_mode": "ALLOW_UNENCRYPTED_AND_ENCRYPTED"
                  }
                ],
                "location_preference": [
                  {
                    "follow_gae_application": "",
                    "secondary_zone": "",
                    "zone": "europe-north2-b"
                  }
                ],
                "maintenance_window": [],
                "password_validation_policy": [],
                "pricing_plan": "PER_USE",
                "read_pool_auto_scale_config": [
                  {
                    "disable_scale_in": false,
                    "enabled": false,
                    "max_node_count": 0,
                    "min_node_count": 0,
                    "scale_in_cooldown_seconds": 0,
                    "scale_out_cooldown_seconds": 0,
                    "target_metrics": []
                  }
                ],
                "retain_backups_on_delete": false,
                "sql_server_audit_config": [],
                "tier": "db-custom-2-7680",
                "time_zone": "",
                "user_labels": {},
                "version": 5
              }
            ],
            "timeouts": null
          },
          "sensitive_attributes": [
            [
              {
                "type": "get_attr",
                "value": "root_password"
              }
            ],
            [
              {
                "type": "get_attr",
                "value": "server_ca_cert"
              }
            ]
          ],
          "identity_schema_version": 0,
          "private": "eyJlMmJmYjczMC1lY2FhLTExZTYtOGY4OC0zNDM2M2JjN2M0YzAiOnsiY3JlYXRlIjo1NDAwMDAwMDAwMDAwLCJkZWxldGUiOjU0MDAwMDAwMDAwMDAsInVwZGF0ZSI6NTQwMDAwMDAwMDAwMH19",
          "dependencies": [
            "module.cloudsql.google_compute_global_address.private_ip_address",
            "module.cloudsql.google_project_service.servicenetworking",
            "module.cloudsql.google_service_networking_connection.private_vpc_connection",
            "module.vpc.google_compute_network.vpc"
          ]
        }
      ]
    },
    {
      "module": "module.cloudsql",
      "mode": "managed",
      "type": "google_sql_user",
      "name": "app_user",
      "provider": "provider[\"registry.terraform.io/hashicorp/google\"]",
      "instances": [
        {
          "schema_version": 1,
          "attributes": {
            "deletion_policy": null,
            "host": "",
            "id": "bao_master//baoafrik-staging-db",
            "instance": "baoafrik-staging-db",
            "name": "bao_master",
            "password": "Baoafrik-pass23",
            "password_policy": [],
            "password_wo": null,
            "password_wo_version": null,
            "project": "baoafrik-staging",
            "sql_server_user_details": [],
            "timeouts": null,
            "type": ""
          },
          "sensitive_attributes": [
            [
              {
                "type": "get_attr",
                "value": "password"
              }
            ]
          ],
          "identity_schema_version": 0,
          "private": "eyJlMmJmYjczMC1lY2FhLTExZTYtOGY4OC0zNDM2M2JjN2M0YzAiOnsiY3JlYXRlIjo2MDAwMDAwMDAwMDAsImRlbGV0ZSI6NjAwMDAwMDAwMDAwLCJ1cGRhdGUiOjYwMDAwMDAwMDAwMH0sInNjaGVtYV92ZXJzaW9uIjoiMSJ9",
          "dependencies": [
            "module.cloudsql.google_compute_global_address.private_ip_address",
            "module.cloudsql.google_project_service.servicenetworking",
            "module.cloudsql.google_service_networking_connection.private_vpc_connection",
            "module.cloudsql.google_sql_database_instance.postgres",
            "module.vpc.google_compute_network.vpc"
          ]
        }
      ]
    },
    {
      "module": "module.compute_staging",
      "mode": "managed",
      "type": "google_compute_instance",
      "name": "staging",
      "provider": "provider[\"registry.terraform.io/hashicorp/google\"]",
      "instances": [
        {
          "schema_version": 6,
          "attributes": {
            "advanced_machine_features": [],
            "allow_stopping_for_update": null,
            "attached_disk": [],
            "boot_disk": [
              {
                "auto_delete": true,
                "device_name": "persistent-disk-0",
                "disk_encryption_key_raw": "",
                "disk_encryption_key_rsa": "",
                "disk_encryption_key_sha256": "",
                "disk_encryption_service_account": "",
                "force_attach": false,
                "guest_os_features": [
                  "VIRTIO_SCSI_MULTIQUEUE",
                  "SEV_CAPABLE",
                  "SEV_SNP_CAPABLE",
                  "SEV_LIVE_MIGRATABLE",
                  "SEV_LIVE_MIGRATABLE_V2",
                  "IDPF",
                  "TDX_CAPABLE",
                  "UEFI_COMPATIBLE",
                  "GVNIC"
                ],
                "initialize_params": [
                  {
                    "architecture": "X86_64",
                    "enable_confidential_compute": false,
                    "image": "https://www.googleapis.com/compute/v1/projects/ubuntu-os-cloud/global/images/ubuntu-2204-jammy-v20251203",
                    "labels": {},
                    "provisioned_iops": 0,
                    "provisioned_throughput": 0,
                    "resource_manager_tags": {},
                    "resource_policies": [],
                    "size": 30,
                    "snapshot": "",
                    "source_image_encryption_key": [],
                    "source_snapshot_encryption_key": [],
                    "storage_pool": "",
                    "type": "pd-balanced"
                  }
                ],
                "interface": "",
                "kms_key_self_link": "",
                "mode": "READ_WRITE",
                "source": "https://www.googleapis.com/compute/v1/projects/baoafrik-staging/zones/europe-north2-a/disks/baoafrik-staging-instance"
              }
            ],
            "can_ip_forward": false,
            "confidential_instance_config": [],
            "cpu_platform": "AMD Rome",
            "creation_timestamp": "2025-12-09T00:23:51.728-08:00",
            "current_status": "RUNNING",
            "deletion_protection": false,
            "description": "",
            "desired_status": null,
            "effective_labels": {
              "goog-terraform-provisioned": "true"
            },
            "enable_display": false,
            "guest_accelerator": [],
            "hostname": "",
            "id": "projects/baoafrik-staging/zones/europe-north2-a/instances/baoafrik-staging-instance",
            "instance_encryption_key": [],
            "instance_id": "6285731563294057080",
            "key_revocation_action_type": "",
            "label_fingerprint": "vezUS-42LLM=",
            "labels": {},
            "machine_type": "e2-medium",
            "metadata": {},
            "metadata_fingerprint": "8nwHMNscfP4=",
            "metadata_startup_script": null,
            "min_cpu_platform": "",
            "name": "baoafrik-staging-instance",
            "network_interface": [
              {
                "access_config": [
                  {
                    "nat_ip": "34.51.243.86",
                    "network_tier": "PREMIUM",
                    "public_ptr_domain_name": ""
                  }
                ],
                "alias_ip_range": [],
                "internal_ipv6_prefix_length": 0,
                "ipv6_access_config": [],
                "ipv6_access_type": "",
                "ipv6_address": "",
                "name": "nic0",
                "network": "https://www.googleapis.com/compute/v1/projects/baoafrik-staging/global/networks/baoafrik-staging-vpc",
                "network_attachment": "",
                "network_ip": "200.0.0.3",
                "nic_type": "",
                "queue_count": 0,
                "stack_type": "IPV4_ONLY",
                "subnetwork": "https://www.googleapis.com/compute/v1/projects/baoafrik-staging/regions/europe-north2/subnetworks/baoafrik-staging-vpc-public",
                "subnetwork_project": "baoafrik-staging"
              }
            ],
            "network_performance_config": [],
            "params": [],
            "project": "baoafrik-staging",
            "reservation_affinity": [],
            "resource_policies": [],
            "scheduling": [
              {
                "automatic_restart": true,
                "availability_domain": 0,
                "instance_termination_action": "",
                "local_ssd_recovery_timeout": [],
                "max_run_duration": [],
                "min_node_cpus": 0,
                "node_affinities": [],
                "on_host_maintenance": "MIGRATE",
                "on_instance_stop_action": [],
                "preemptible": false,
                "provisioning_model": "STANDARD",
                "termination_time": ""
              }
            ],
            "scratch_disk": [],
            "self_link": "https://www.googleapis.com/compute/v1/projects/baoafrik-staging/zones/europe-north2-a/instances/baoafrik-staging-instance",
            "service_account": [
              {
                "email": "baoafrik-staging-app-sa@baoafrik-staging.iam.gserviceaccount.com",
                "scopes": [
                  "https://www.googleapis.com/auth/cloud-platform"
                ]
              }
            ],
            "shielded_instance_config": [
              {
                "enable_integrity_monitoring": true,
                "enable_secure_boot": false,
                "enable_vtpm": true
              }
            ],
            "tags": [
              "allow-egress",
              "baoafrik-backend-vm"
            ],
            "tags_fingerprint": "npxaqfCSBRo=",
            "terraform_labels": {
              "goog-terraform-provisioned": "true"
            },
            "timeouts": null,
            "zone": "europe-north2-a"
          },
          "sensitive_attributes": [
            [
              {
                "type": "get_attr",
                "value": "boot_disk"
              },
              {
                "type": "index",
                "value": {
                  "value": 0,
                  "type": "number"
                }
              },
              {
                "type": "get_attr",
                "value": "disk_encryption_key_raw"
              }
            ],
            [
              {
                "type": "get_attr",
                "value": "boot_disk"
              },
              {
                "type": "index",
                "value": {
                  "value": 0,
                  "type": "number"
                }
              },
              {
                "type": "get_attr",
                "value": "disk_encryption_key_rsa"
              }
            ]
          ],
          "identity_schema_version": 0,
          "private": "eyJlMmJmYjczMC1lY2FhLTExZTYtOGY4OC0zNDM2M2JjN2M0YzAiOnsiY3JlYXRlIjoxMjAwMDAwMDAwMDAwLCJkZWxldGUiOjEyMDAwMDAwMDAwMDAsInVwZGF0ZSI6MTIwMDAwMDAwMDAwMH0sInNjaGVtYV92ZXJzaW9uIjoiNiJ9",
          "dependencies": [
            "module.iam.google_service_account.app",
            "module.vpc.google_compute_network.vpc",
            "module.vpc.google_compute_subnetwork.public"
          ]
        }
      ]
    },
    {
      "module": "module.dns",
      "mode": "managed",
      "type": "google_dns_managed_zone",
      "name": "prod",
      "provider": "provider[\"registry.terraform.io/hashicorp/google\"]",
      "instances": [
        {
          "schema_version": 0,
          "attributes": {
            "cloud_logging_config": [
              {
                "enable_logging": false
              }
            ],
            "creation_time": "2025-12-09T07:37:23.268Z",
            "description": "Public DNS zone for baoafrik.com",
            "dns_name": "baoafrik.com.",
            "dnssec_config": [],
            "effective_labels": {
              "goog-terraform-provisioned": "true"
            },
            "force_destroy": false,
            "forwarding_config": [],
            "id": "projects/baoafrik-staging/managedZones/prod-zone",
            "labels": {},
            "managed_zone_id": -1367762158,
            "name": "prod-zone",
            "name_servers": [
              "ns-cloud-c1.googledomains.com.",
              "ns-cloud-c2.googledomains.com.",
              "ns-cloud-c3.googledomains.com.",
              "ns-cloud-c4.googledomains.com."
            ],
            "peering_config": [],
            "private_visibility_config": [],
            "project": "baoafrik-staging",
            "terraform_labels": {
              "goog-terraform-provisioned": "true"
            },
            "timeouts": null,
            "visibility": "public"
          },
          "sensitive_attributes": [],
          "identity_schema_version": 0,
          "private": "eyJlMmJmYjczMC1lY2FhLTExZTYtOGY4OC0zNDM2M2JjN2M0YzAiOnsiY3JlYXRlIjoxMjAwMDAwMDAwMDAwLCJkZWxldGUiOjEyMDAwMDAwMDAwMDAsInVwZGF0ZSI6MTIwMDAwMDAwMDAwMH19"
        }
      ]
    },
    {
      "module": "module.dns",
      "mode": "managed",
      "type": "google_dns_record_set",
      "name": "caa",
      "provider": "provider[\"registry.terraform.io/hashicorp/google\"]",
      "instances": [
        {
          "schema_version": 0,
          "attributes": {
            "id": "projects/baoafrik-staging/managedZones/prod-zone/rrsets/baoafrik.com./CAA",
            "managed_zone": "prod-zone",
            "name": "baoafrik.com.",
            "project": "baoafrik-staging",
            "routing_policy": [],
            "rrdatas": [
              "0 issue \"letsencrypt.org\""
            ],
            "ttl": 300,
            "type": "CAA"
          },
          "sensitive_attributes": [],
          "identity_schema_version": 0,
          "private": "bnVsbA==",
          "dependencies": [
            "module.dns.google_dns_managed_zone.prod"
          ]
        }
      ]
    },
    {
      "module": "module.dns",
      "mode": "managed",
      "type": "google_dns_record_set",
      "name": "jenkins",
      "provider": "provider[\"registry.terraform.io/hashicorp/google\"]",
      "instances": [
        {
          "schema_version": 0,
          "attributes": {
            "id": "projects/baoafrik-staging/managedZones/prod-zone/rrsets/jenkins.staging.baoafrik.com./A",
            "managed_zone": "prod-zone",
            "name": "jenkins.staging.baoafrik.com.",
            "project": "baoafrik-staging",
            "routing_policy": [],
            "rrdatas": [
              "34.51.243.86"
            ],
            "ttl": 300,
            "type": "A"
          },
          "sensitive_attributes": [],
          "identity_schema_version": 0,
          "private": "bnVsbA==",
          "dependencies": [
            "module.compute_staging.google_compute_instance.staging",
            "module.dns.google_dns_managed_zone.prod",
            "module.iam.google_service_account.app",
            "module.vpc.google_compute_network.vpc",
            "module.vpc.google_compute_subnetwork.public"
          ]
        }
      ]
    },
    {
      "module": "module.dns",
      "mode": "managed",
      "type": "google_dns_record_set",
      "name": "staging",
      "provider": "provider[\"registry.terraform.io/hashicorp/google\"]",
      "instances": [
        {
          "schema_version": 0,
          "attributes": {
            "id": "projects/baoafrik-staging/managedZones/prod-zone/rrsets/staging.baoafrik.com./A",
            "managed_zone": "prod-zone",
            "name": "staging.baoafrik.com.",
            "project": "baoafrik-staging",
            "routing_policy": [],
            "rrdatas": [
              "34.51.243.86"
            ],
            "ttl": 300,
            "type": "A"
          },
          "sensitive_attributes": [],
          "identity_schema_version": 0,
          "private": "bnVsbA==",
          "dependencies": [
            "module.compute_staging.google_compute_instance.staging",
            "module.dns.google_dns_managed_zone.prod",
            "module.iam.google_service_account.app",
            "module.vpc.google_compute_network.vpc",
            "module.vpc.google_compute_subnetwork.public"
          ]
        }
      ]
    },
    {
      "module": "module.iam",
      "mode": "managed",
      "type": "google_project_iam_member",
      "name": "app_storage_admin",
      "provider": "provider[\"registry.terraform.io/hashicorp/google\"]",
      "instances": [
        {
          "schema_version": 0,
          "attributes": {
            "condition": [],
            "etag": "BwZFhj60cKs=",
            "id": "baoafrik-staging/roles/storage.admin/serviceAccount:baoafrik-staging-app-sa@baoafrik-staging.iam.gserviceaccount.com",
            "member": "serviceAccount:baoafrik-staging-app-sa@baoafrik-staging.iam.gserviceaccount.com",
            "project": "baoafrik-staging",
            "role": "roles/storage.admin"
          },
          "sensitive_attributes": [],
          "identity_schema_version": 0,
          "private": "bnVsbA==",
          "dependencies": [
            "module.iam.google_service_account.app"
          ]
        }
      ]
    },
    {
      "module": "module.iam",
      "mode": "managed",
      "type": "google_project_iam_member",
      "name": "app_storage_object_admin",
      "provider": "provider[\"registry.terraform.io/hashicorp/google\"]",
      "instances": [
        {
          "schema_version": 0,
          "attributes": {
            "condition": [],
            "etag": "BwZFhj60cKs=",
            "id": "baoafrik-staging/roles/storage.objectAdmin/serviceAccount:baoafrik-staging-app-sa@baoafrik-staging.iam.gserviceaccount.com",
            "member": "serviceAccount:baoafrik-staging-app-sa@baoafrik-staging.iam.gserviceaccount.com",
            "project": "baoafrik-staging",
            "role": "roles/storage.objectAdmin"
          },
          "sensitive_attributes": [],
          "identity_schema_version": 0,
          "private": "bnVsbA==",
          "dependencies": [
            "module.iam.google_service_account.app"
          ]
        }
      ]
    },
    {
      "module": "module.iam",
      "mode": "managed",
      "type": "google_project_iam_member",
      "name": "app_storage_viewer",
      "provider": "provider[\"registry.terraform.io/hashicorp/google\"]",
      "instances": [
        {
          "schema_version": 0,
          "attributes": {
            "condition": [],
            "etag": "BwZFhj60cKs=",
            "id": "baoafrik-staging/roles/storage.objectViewer/serviceAccount:baoafrik-staging-app-sa@baoafrik-staging.iam.gserviceaccount.com",
            "member": "serviceAccount:baoafrik-staging-app-sa@baoafrik-staging.iam.gserviceaccount.com",
            "project": "baoafrik-staging",
            "role": "roles/storage.objectViewer"
          },
          "sensitive_attributes": [],
          "identity_schema_version": 0,
          "private": "bnVsbA==",
          "dependencies": [
            "module.iam.google_service_account.app"
          ]
        }
      ]
    },
    {
      "module": "module.iam",
      "mode": "managed",
      "type": "google_service_account",
      "name": "app",
      "provider": "provider[\"registry.terraform.io/hashicorp/google\"]",
      "instances": [
        {
          "schema_version": 0,
          "attributes": {
            "account_id": "baoafrik-staging-app-sa",
            "create_ignore_already_exists": null,
            "description": "",
            "disabled": false,
            "display_name": "baoafrik-staging app service account",
            "email": "baoafrik-staging-app-sa@baoafrik-staging.iam.gserviceaccount.com",
            "id": "projects/baoafrik-staging/serviceAccounts/baoafrik-staging-app-sa@baoafrik-staging.iam.gserviceaccount.com",
            "member": "serviceAccount:baoafrik-staging-app-sa@baoafrik-staging.iam.gserviceaccount.com",
            "name": "projects/baoafrik-staging/serviceAccounts/baoafrik-staging-app-sa@baoafrik-staging.iam.gserviceaccount.com",
            "project": "baoafrik-staging",
            "timeouts": null,
            "unique_id": "114431033680599808041"
          },
          "sensitive_attributes": [],
          "identity_schema_version": 0,
          "private": "eyJlMmJmYjczMC1lY2FhLTExZTYtOGY4OC0zNDM2M2JjN2M0YzAiOnsiY3JlYXRlIjozMDAwMDAwMDAwMDB9fQ=="
        }
      ]
    },
    {
      "module": "module.iam",
      "mode": "managed",
      "type": "google_storage_bucket_iam_member",
      "name": "public_read",
      "provider": "provider[\"registry.terraform.io/hashicorp/google\"]",
      "instances": [
        {
          "schema_version": 0,
          "attributes": {
            "bucket": "b/baoafrik-dev-uploads",
            "condition": [],
            "etag": "CCU=",
            "id": "b/baoafrik-dev-uploads/roles/storage.objectViewer/allUsers",
            "member": "allUsers",
            "role": "roles/storage.objectViewer",
            "timeouts": null
          },
          "sensitive_attributes": [],
          "identity_schema_version": 0,
          "private": "eyJlMmJmYjczMC1lY2FhLTExZTYtOGY4OC0zNDM2M2JjN2M0YzAiOnsiY3JlYXRlIjoxMjAwMDAwMDAwMDAwfX0="
        }
      ]
    },
    {
      "module": "module.storage",
      "mode": "managed",
      "type": "google_storage_bucket",
      "name": "dev",
      "provider": "provider[\"registry.terraform.io/hashicorp/google\"]",
      "instances": [
        {
          "schema_version": 4,
          "attributes": {
            "autoclass": [],
            "cors": [
              {
                "max_age_seconds": 3600,
                "method": [
                  "GET",
                  "PUT",
                  "POST",
                  "DELETE",
                  "HEAD",
                  "OPTIONS"
                ],
                "origin": [
                  "http://localhost:3000",
                  "http://localhost:3001"
                ],
                "response_header": [
                  "Content-Type",
                  "Content-MD5",
                  "Content-Disposition",
                  "ETag",
                  "x-goog-request-id",
                  "x-goog-content-length-range"
                ]
              }
            ],
            "custom_placement_config": [],
            "default_event_based_hold": false,
            "effective_labels": {
              "goog-terraform-provisioned": "true"
            },
            "enable_object_retention": false,
            "encryption": [],
            "force_destroy": true,
            "hierarchical_namespace": [
              {
                "enabled": false
              }
            ],
            "id": "baoafrik-dev-uploads",
            "ip_filter": [],
            "labels": {},
            "lifecycle_rule": [],
            "location": "EUROPE-NORTH2",
            "logging": [],
            "name": "baoafrik-dev-uploads",
            "project": "baoafrik-staging",
            "project_number": 593422956,
            "public_access_prevention": "inherited",
            "requester_pays": false,
            "retention_policy": [],
            "rpo": null,
            "self_link": "https://www.googleapis.com/storage/v1/b/baoafrik-dev-uploads",
            "soft_delete_policy": [
              {
                "effective_time": "2025-12-09T07:16:00.675Z",
                "retention_duration_seconds": 604800
              }
            ],
            "storage_class": "STANDARD",
            "terraform_labels": {
              "goog-terraform-provisioned": "true"
            },
            "time_created": "2025-12-09T07:16:00.675Z",
            "timeouts": null,
            "uniform_bucket_level_access": false,
            "updated": "2025-12-10T11:12:51.364Z",
            "url": "gs://baoafrik-dev-uploads",
            "versioning": [],
            "website": []
          },
          "sensitive_attributes": [],
          "identity_schema_version": 0,
          "private": "eyJlMmJmYjczMC1lY2FhLTExZTYtOGY4OC0zNDM2M2JjN2M0YzAiOnsiY3JlYXRlIjo2MDAwMDAwMDAwMDAsInJlYWQiOjI0MDAwMDAwMDAwMCwidXBkYXRlIjoyNDAwMDAwMDAwMDB9LCJzY2hlbWFfdmVyc2lvbiI6IjQifQ=="
        }
      ]
    },
    {
      "module": "module.storage",
      "mode": "managed",
      "type": "google_storage_bucket",
      "name": "staging",
      "provider": "provider[\"registry.terraform.io/hashicorp/google\"]",
      "instances": [
        {
          "schema_version": 4,
          "attributes": {
            "autoclass": [],
            "cors": [
              {
                "max_age_seconds": 3000,
                "method": [
                  "GET",
                  "PUT",
                  "POST",
                  "DELETE",
                  "HEAD",
                  "OPTIONS"
                ],
                "origin": [
                  "https://staging.baoafrik.com",
                  "https://www.staging.baoafrik.com"
                ],
                "response_header": [
                  "Content-Type",
                  "Content-MD5",
                  "Content-Disposition",
                  "ETag",
                  "x-goog-request-id"
                ]
              }
            ],
            "custom_placement_config": [],
            "default_event_based_hold": false,
            "effective_labels": {
              "goog-terraform-provisioned": "true"
            },
            "enable_object_retention": false,
            "encryption": [],
            "force_destroy": true,
            "hierarchical_namespace": [
              {
                "enabled": false
              }
            ],
            "id": "baoafrik-staging-uploads",
            "ip_filter": [],
            "labels": {},
            "lifecycle_rule": [],
            "location": "EUROPE-NORTH2",
            "logging": [],
            "name": "baoafrik-staging-uploads",
            "project": "baoafrik-staging",
            "project_number": 593422956,
            "public_access_prevention": "inherited",
            "requester_pays": false,
            "retention_policy": [],
            "rpo": null,
            "self_link": "https://www.googleapis.com/storage/v1/b/baoafrik-staging-uploads",
            "soft_delete_policy": [
              {
                "effective_time": "2025-12-09T07:16:00.183Z",
                "retention_duration_seconds": 604800
              }
            ],
            "storage_class": "STANDARD",
            "terraform_labels": {
              "goog-terraform-provisioned": "true"
            },
            "time_created": "2025-12-09T07:16:00.183Z",
            "timeouts": null,
            "uniform_bucket_level_access": false,
            "updated": "2025-12-10T16:38:54.269Z",
            "url": "gs://baoafrik-staging-uploads",
            "versioning": [],
            "website": []
          },
          "sensitive_attributes": [],
          "identity_schema_version": 0,
          "private": "eyJlMmJmYjczMC1lY2FhLTExZTYtOGY4OC0zNDM2M2JjN2M0YzAiOnsiY3JlYXRlIjo2MDAwMDAwMDAwMDAsInJlYWQiOjI0MDAwMDAwMDAwMCwidXBkYXRlIjoyNDAwMDAwMDAwMDB9LCJzY2hlbWFfdmVyc2lvbiI6IjQifQ=="
        }
      ]
    },
    {
      "module": "module.storage",
      "mode": "managed",
      "type": "google_storage_bucket_iam_member",
      "name": "dev_public_read",
      "provider": "provider[\"registry.terraform.io/hashicorp/google\"]",
      "instances": [
        {
          "schema_version": 0,
          "attributes": {
            "bucket": "b/baoafrik-dev-uploads",
            "condition": [],
            "etag": "CCU=",
            "id": "b/baoafrik-dev-uploads/roles/storage.objectViewer/allUsers",
            "member": "allUsers",
            "role": "roles/storage.objectViewer",
            "timeouts": null
          },
          "sensitive_attributes": [],
          "identity_schema_version": 0,
          "private": "eyJlMmJmYjczMC1lY2FhLTExZTYtOGY4OC0zNDM2M2JjN2M0YzAiOnsiY3JlYXRlIjoxMjAwMDAwMDAwMDAwfX0=",
          "dependencies": [
            "module.storage.google_storage_bucket.dev"
          ]
        }
      ]
    },
    {
      "module": "module.storage",
      "mode": "managed",
      "type": "google_storage_bucket_iam_member",
      "name": "dev_service_account_access",
      "provider": "provider[\"registry.terraform.io/hashicorp/google\"]",
      "instances": [
        {
          "schema_version": 0,
          "attributes": {
            "bucket": "b/baoafrik-dev-uploads",
            "condition": [],
            "etag": "CCU=",
            "id": "b/baoafrik-dev-uploads/roles/storage.admin/serviceAccount:baoafrik-staging-app-sa@baoafrik-staging.iam.gserviceaccount.com",
            "member": "serviceAccount:baoafrik-staging-app-sa@baoafrik-staging.iam.gserviceaccount.com",
            "role": "roles/storage.admin",
            "timeouts": null
          },
          "sensitive_attributes": [],
          "identity_schema_version": 0,
          "private": "eyJlMmJmYjczMC1lY2FhLTExZTYtOGY4OC0zNDM2M2JjN2M0YzAiOnsiY3JlYXRlIjoxMjAwMDAwMDAwMDAwfX0=",
          "dependencies": [
            "module.iam.google_service_account.app",
            "module.storage.google_storage_bucket.dev"
          ]
        }
      ]
    },
    {
      "module": "module.storage",
      "mode": "managed",
      "type": "google_storage_bucket_iam_member",
      "name": "staging_public_read",
      "provider": "provider[\"registry.terraform.io/hashicorp/google\"]",
      "instances": [
        {
          "schema_version": 0,
          "attributes": {
            "bucket": "b/baoafrik-staging-uploads",
            "condition": [],
            "etag": "CAk=",
            "id": "b/baoafrik-staging-uploads/roles/storage.objectViewer/allUsers",
            "member": "allUsers",
            "role": "roles/storage.objectViewer",
            "timeouts": null
          },
          "sensitive_attributes": [],
          "identity_schema_version": 0,
          "private": "eyJlMmJmYjczMC1lY2FhLTExZTYtOGY4OC0zNDM2M2JjN2M0YzAiOnsiY3JlYXRlIjoxMjAwMDAwMDAwMDAwfX0=",
          "dependencies": [
            "module.storage.google_storage_bucket.staging"
          ]
        }
      ]
    },
    {
      "module": "module.storage",
      "mode": "managed",
      "type": "google_storage_bucket_iam_member",
      "name": "staging_service_account_access",
      "provider": "provider[\"registry.terraform.io/hashicorp/google\"]",
      "instances": [
        {
          "schema_version": 0,
          "attributes": {
            "bucket": "b/baoafrik-staging-uploads",
            "condition": [],
            "etag": "CAk=",
            "id": "b/baoafrik-staging-uploads/roles/storage.admin/serviceAccount:baoafrik-staging-app-sa@baoafrik-staging.iam.gserviceaccount.com",
            "member": "serviceAccount:baoafrik-staging-app-sa@baoafrik-staging.iam.gserviceaccount.com",
            "role": "roles/storage.admin",
            "timeouts": null
          },
          "sensitive_attributes": [],
          "identity_schema_version": 0,
          "private": "eyJlMmJmYjczMC1lY2FhLTExZTYtOGY4OC0zNDM2M2JjN2M0YzAiOnsiY3JlYXRlIjoxMjAwMDAwMDAwMDAwfX0=",
          "dependencies": [
            "module.iam.google_service_account.app",
            "module.storage.google_storage_bucket.staging"
          ]
        }
      ]
    },
    {
      "module": "module.vpc",
      "mode": "managed",
      "type": "google_compute_firewall",
      "name": "allow_db",
      "provider": "provider[\"registry.terraform.io/hashicorp/google\"]",
      "instances": [
        {
          "schema_version": 1,
          "attributes": {
            "allow": [
              {
                "ports": [
                  "5432"
                ],
                "protocol": "tcp"
              }
            ],
            "creation_timestamp": "2025-12-10T09:12:20.182-08:00",
            "deny": [],
            "description": "",
            "destination_ranges": [],
            "direction": "INGRESS",
            "disabled": false,
            "enable_logging": null,
            "id": "projects/baoafrik-staging/global/firewalls/baoafrik-staging-vpc-allow-db",
            "log_config": [],
            "name": "baoafrik-staging-vpc-allow-db",
            "network": "https://www.googleapis.com/compute/v1/projects/baoafrik-staging/global/networks/baoafrik-staging-vpc",
            "params": [],
            "priority": 1000,
            "project": "baoafrik-staging",
            "self_link": "https://www.googleapis.com/compute/v1/projects/baoafrik-staging/global/firewalls/baoafrik-staging-vpc-allow-db",
            "source_ranges": [
              "200.0.1.0/24"
            ],
            "source_service_accounts": null,
            "source_tags": null,
            "target_service_accounts": null,
            "target_tags": [
              "cloud-sql"
            ],
            "timeouts": null
          },
          "sensitive_attributes": [],
          "identity_schema_version": 0,
          "private": "eyJlMmJmYjczMC1lY2FhLTExZTYtOGY4OC0zNDM2M2JjN2M0YzAiOnsiY3JlYXRlIjoxMjAwMDAwMDAwMDAwLCJkZWxldGUiOjEyMDAwMDAwMDAwMDAsInVwZGF0ZSI6MTIwMDAwMDAwMDAwMH0sInNjaGVtYV92ZXJzaW9uIjoiMSJ9",
          "dependencies": [
            "module.vpc.google_compute_network.vpc"
          ]
        }
      ]
    },
    {
      "module": "module.vpc",
      "mode": "managed",
      "type": "google_compute_firewall",
      "name": "allow_egress",
      "provider": "provider[\"registry.terraform.io/hashicorp/google\"]",
      "instances": [
        {
          "schema_version": 1,
          "attributes": {
            "allow": [
              {
                "ports": [],
                "protocol": "all"
              }
            ],
            "creation_timestamp": "2025-12-10T09:12:20.200-08:00",
            "deny": [],
            "description": "",
            "destination_ranges": [
              "0.0.0.0/0"
            ],
            "direction": "EGRESS",
            "disabled": false,
            "enable_logging": null,
            "id": "projects/baoafrik-staging/global/firewalls/baoafrik-staging-vpc-allow-egress",
            "log_config": [],
            "name": "baoafrik-staging-vpc-allow-egress",
            "network": "https://www.googleapis.com/compute/v1/projects/baoafrik-staging/global/networks/baoafrik-staging-vpc",
            "params": [],
            "priority": 1000,
            "project": "baoafrik-staging",
            "self_link": "https://www.googleapis.com/compute/v1/projects/baoafrik-staging/global/firewalls/baoafrik-staging-vpc-allow-egress",
            "source_ranges": null,
            "source_service_accounts": null,
            "source_tags": null,
            "target_service_accounts": null,
            "target_tags": [
              "allow-egress"
            ],
            "timeouts": null
          },
          "sensitive_attributes": [],
          "identity_schema_version": 0,
          "private": "eyJlMmJmYjczMC1lY2FhLTExZTYtOGY4OC0zNDM2M2JjN2M0YzAiOnsiY3JlYXRlIjoxMjAwMDAwMDAwMDAwLCJkZWxldGUiOjEyMDAwMDAwMDAwMDAsInVwZGF0ZSI6MTIwMDAwMDAwMDAwMH0sInNjaGVtYV92ZXJzaW9uIjoiMSJ9",
          "dependencies": [
            "module.vpc.google_compute_network.vpc"
          ]
        }
      ]
    },
    {
      "module": "module.vpc",
      "mode": "managed",
      "type": "google_compute_firewall",
      "name": "allow_web",
      "provider": "provider[\"registry.terraform.io/hashicorp/google\"]",
      "instances": [
        {
          "schema_version": 1,
          "attributes": {
            "allow": [
              {
                "ports": [
                  "22",
                  "80",
                  "443",
                  "8080",
                  "3000",
                  "3001"
                ],
                "protocol": "tcp"
              }
            ],
            "creation_timestamp": "2025-12-08T23:37:36.023-08:00",
            "deny": [],
            "description": "",
            "destination_ranges": [],
            "direction": "INGRESS",
            "disabled": false,
            "enable_logging": null,
            "id": "projects/baoafrik-staging/global/firewalls/baoafrik-staging-vpc-allow-web",
            "log_config": [],
            "name": "baoafrik-staging-vpc-allow-web",
            "network": "https://www.googleapis.com/compute/v1/projects/baoafrik-staging/global/networks/baoafrik-staging-vpc",
            "params": [],
            "priority": 1000,
            "project": "baoafrik-staging",
            "self_link": "https://www.googleapis.com/compute/v1/projects/baoafrik-staging/global/firewalls/baoafrik-staging-vpc-allow-web",
            "source_ranges": [
              "0.0.0.0/0"
            ],
            "source_service_accounts": [],
            "source_tags": [],
            "target_service_accounts": [],
            "target_tags": [],
            "timeouts": null
          },
          "sensitive_attributes": [],
          "identity_schema_version": 0,
          "private": "eyJlMmJmYjczMC1lY2FhLTExZTYtOGY4OC0zNDM2M2JjN2M0YzAiOnsiY3JlYXRlIjoxMjAwMDAwMDAwMDAwLCJkZWxldGUiOjEyMDAwMDAwMDAwMDAsInVwZGF0ZSI6MTIwMDAwMDAwMDAwMH0sInNjaGVtYV92ZXJzaW9uIjoiMSJ9",
          "dependencies": [
            "module.vpc.google_compute_network.vpc"
          ]
        }
      ]
    },
    {
      "module": "module.vpc",
      "mode": "managed",
      "type": "google_compute_network",
      "name": "vpc",
      "provider": "provider[\"registry.terraform.io/hashicorp/google\"]",
      "instances": [
        {
          "schema_version": 0,
          "attributes": {
            "auto_create_subnetworks": false,
            "bgp_always_compare_med": false,
            "bgp_best_path_selection_mode": "LEGACY",
            "bgp_inter_region_cost": "",
            "delete_default_routes_on_create": false,
            "description": "",
            "enable_ula_internal_ipv6": false,
            "gateway_ipv4": "",
            "id": "projects/baoafrik-staging/global/networks/baoafrik-staging-vpc",
            "internal_ipv6_range": "",
            "mtu": 0,
            "name": "baoafrik-staging-vpc",
            "network_firewall_policy_enforcement_order": "AFTER_CLASSIC_FIREWALL",
            "network_id": "5889318219450838876",
            "network_profile": "",
            "numeric_id": "5889318219450838876",
            "params": [],
            "project": "baoafrik-staging",
            "routing_mode": "REGIONAL",
            "self_link": "https://www.googleapis.com/compute/v1/projects/baoafrik-staging/global/networks/baoafrik-staging-vpc",
            "timeouts": null
          },
          "sensitive_attributes": [],
          "identity_schema_version": 0,
          "private": "eyJlMmJmYjczMC1lY2FhLTExZTYtOGY4OC0zNDM2M2JjN2M0YzAiOnsiY3JlYXRlIjoxMjAwMDAwMDAwMDAwLCJkZWxldGUiOjEyMDAwMDAwMDAwMDAsInVwZGF0ZSI6MTIwMDAwMDAwMDAwMH19"
        }
      ]
    },
    {
      "module": "module.vpc",
      "mode": "managed",
      "type": "google_compute_subnetwork",
      "name": "private",
      "provider": "provider[\"registry.terraform.io/hashicorp/google\"]",
      "instances": [
        {
          "schema_version": 0,
          "attributes": {
            "creation_timestamp": "2025-12-08T23:37:39.079-08:00",
            "description": "",
            "external_ipv6_prefix": "",
            "fingerprint": null,
            "gateway_address": "200.0.1.1",
            "id": "projects/baoafrik-staging/regions/europe-north2/subnetworks/baoafrik-staging-vpc-private",
            "internal_ipv6_prefix": "",
            "ip_cidr_range": "200.0.1.0/24",
            "ip_collection": null,
            "ipv6_access_type": "",
            "ipv6_cidr_range": "",
            "ipv6_gce_endpoint": "",
            "log_config": [],
            "name": "baoafrik-staging-vpc-private",
            "network": "https://www.googleapis.com/compute/v1/projects/baoafrik-staging/global/networks/baoafrik-staging-vpc",
            "params": [],
            "private_ip_google_access": true,
            "private_ipv6_google_access": "DISABLE_GOOGLE_ACCESS",
            "project": "baoafrik-staging",
            "purpose": "PRIVATE",
            "region": "europe-north2",
            "reserved_internal_range": "",
            "role": "",
            "secondary_ip_range": [],
            "self_link": "https://www.googleapis.com/compute/v1/projects/baoafrik-staging/regions/europe-north2/subnetworks/baoafrik-staging-vpc-private",
            "send_secondary_ip_range_if_empty": null,
            "stack_type": "IPV4_ONLY",
            "state": "",
            "subnetwork_id": -1214615764,
            "timeouts": null
          },
          "sensitive_attributes": [],
          "identity_schema_version": 0,
          "private": "eyJlMmJmYjczMC1lY2FhLTExZTYtOGY4OC0zNDM2M2JjN2M0YzAiOnsiY3JlYXRlIjoxMjAwMDAwMDAwMDAwLCJkZWxldGUiOjEyMDAwMDAwMDAwMDAsInVwZGF0ZSI6MTIwMDAwMDAwMDAwMH19",
          "dependencies": [
            "module.vpc.google_compute_network.vpc"
          ]
        }
      ]
    },
    {
      "module": "module.vpc",
      "mode": "managed",
      "type": "google_compute_subnetwork",
      "name": "public",
      "provider": "provider[\"registry.terraform.io/hashicorp/google\"]",
      "instances": [
        {
          "schema_version": 0,
          "attributes": {
            "creation_timestamp": "2025-12-08T23:37:40.740-08:00",
            "description": "",
            "external_ipv6_prefix": "",
            "fingerprint": null,
            "gateway_address": "200.0.0.1",
            "id": "projects/baoafrik-staging/regions/europe-north2/subnetworks/baoafrik-staging-vpc-public",
            "internal_ipv6_prefix": "",
            "ip_cidr_range": "200.0.0.0/24",
            "ip_collection": null,
            "ipv6_access_type": "",
            "ipv6_cidr_range": "",
            "ipv6_gce_endpoint": "",
            "log_config": [],
            "name": "baoafrik-staging-vpc-public",
            "network": "https://www.googleapis.com/compute/v1/projects/baoafrik-staging/global/networks/baoafrik-staging-vpc",
            "params": [],
            "private_ip_google_access": false,
            "private_ipv6_google_access": "DISABLE_GOOGLE_ACCESS",
            "project": "baoafrik-staging",
            "purpose": "PRIVATE",
            "region": "europe-north2",
            "reserved_internal_range": "",
            "role": "",
            "secondary_ip_range": [],
            "self_link": "https://www.googleapis.com/compute/v1/projects/baoafrik-staging/regions/europe-north2/subnetworks/baoafrik-staging-vpc-public",
            "send_secondary_ip_range_if_empty": null,
            "stack_type": "IPV4_ONLY",
            "state": "",
            "subnetwork_id": -1214615765,
            "timeouts": null
          },
          "sensitive_attributes": [],
          "identity_schema_version": 0,
          "private": "eyJlMmJmYjczMC1lY2FhLTExZTYtOGY4OC0zNDM2M2JjN2M0YzAiOnsiY3JlYXRlIjoxMjAwMDAwMDAwMDAwLCJkZWxldGUiOjEyMDAwMDAwMDAwMDAsInVwZGF0ZSI6MTIwMDAwMDAwMDAwMH19",
          "dependencies": [
            "module.vpc.google_compute_network.vpc"
          ]
        }
      ]
    }
  ],
  "check_results": null
}
