{
  "version": 4,
  "terraform_version": "1.13.3",
  "serial": 75,
  "lineage": "aff5b368-5ff8-9a63-b2ae-880e69c87682",
  "outputs": {
    "cloudsql_connection_name": {
      "value": "baoafrik-staging:europe-north2:baoafrik-staging-db",
      "type": "string"
    },
    "dev_bucket_name": {
      "value": "baoafrik-dev-uploads",
      "type": "string"
    },
    "dns_name_servers": {
      "value": [
        "ns-cloud-c1.googledomains.com.",
        "ns-cloud-c2.googledomains.com.",
        "ns-cloud-c3.googledomains.com.",
        "ns-cloud-c4.googledomains.com."
      ],
      "type": [
        "list",
        "string"
      ]
    },
    "staging_bucket_name": {
      "value": "baoafrik-staging-uploads",
      "type": "string"
    },
    "staging_instance_ip": {
      "value": "34.51.243.86",
      "type": "string"
    },
    "staging_url": {
      "value": "https://staging.baoafrik.com",
      "type": "string"
    }
  },
  "resources": [
    {
      "module": "module.compute_staging",
      "mode": "managed",
      "type": "google_compute_instance",
      "name": "staging",
      "provider": "provider[\"registry.terraform.io/hashicorp/google\"]",
      "instances": [
        {
          "schema_version": 6,
          "attributes": {
            "advanced_machine_features": [],
            "allow_stopping_for_update": null,
            "attached_disk": [],
            "boot_disk": [
              {
                "auto_delete": true,
                "device_name": "persistent-disk-0",
                "disk_encryption_key_raw": "",
                "disk_encryption_key_rsa": "",
                "disk_encryption_key_sha256": "",
                "disk_encryption_service_account": "",
                "force_attach": false,
                "guest_os_features": [
                  "VIRTIO_SCSI_MULTIQUEUE",
                  "SEV_CAPABLE",
                  "SEV_SNP_CAPABLE",
                  "SEV_LIVE_MIGRATABLE",
                  "SEV_LIVE_MIGRATABLE_V2",
                  "IDPF",
                  "TDX_CAPABLE",
                  "UEFI_COMPATIBLE",
                  "GVNIC"
                ],
                "initialize_params": [
                  {
                    "architecture": "X86_64",
                    "enable_confidential_compute": false,
                    "image": "https://www.googleapis.com/compute/v1/projects/ubuntu-os-cloud/global/images/ubuntu-2204-jammy-v20251203",
                    "labels": {},
                    "provisioned_iops": 0,
                    "provisioned_throughput": 0,
                    "resource_manager_tags": {},
                    "resource_policies": [],
                    "size": 30,
                    "snapshot": "",
                    "source_image_encryption_key": [],
                    "source_snapshot_encryption_key": [],
                    "storage_pool": "",
                    "type": "pd-balanced"
                  }
                ],
                "interface": "",
                "kms_key_self_link": "",
                "mode": "READ_WRITE",
                "source": "https://www.googleapis.com/compute/v1/projects/baoafrik-staging/zones/europe-north2-a/disks/baoafrik-staging-instance"
              }
            ],
            "can_ip_forward": false,
            "confidential_instance_config": [],
            "cpu_platform": "AMD Rome",
            "creation_timestamp": "2025-12-09T00:23:51.728-08:00",
            "current_status": "RUNNING",
            "deletion_protection": false,
            "description": "",
            "desired_status": null,
            "effective_labels": {
              "goog-terraform-provisioned": "true"
            },
            "enable_display": false,
            "guest_accelerator": [],
            "hostname": "",
            "id": "projects/baoafrik-staging/zones/europe-north2-a/instances/baoafrik-staging-instance",
            "instance_encryption_key": [],
            "instance_id": "6285731563294057080",
            "key_revocation_action_type": "",
            "label_fingerprint": "vezUS-42LLM=",
            "labels": {},
            "machine_type": "e2-medium",
            "metadata": {},
            "metadata_fingerprint": "8nwHMNscfP4=",
            "metadata_startup_script": null,
            "min_cpu_platform": "",
            "name": "baoafrik-staging-instance",
            "network_interface": [
              {
                "access_config": [
                  {
                    "nat_ip": "34.51.243.86",
                    "network_tier": "PREMIUM",
                    "public_ptr_domain_name": ""
                  }
                ],
                "alias_ip_range": [],
                "internal_ipv6_prefix_length": 0,
                "ipv6_access_config": [],
                "ipv6_access_type": "",
                "ipv6_address": "",
                "name": "nic0",
                "network": "https://www.googleapis.com/compute/v1/projects/baoafrik-staging/global/networks/baoafrik-staging-vpc",
                "network_attachment": "",
                "network_ip": "200.0.0.3",
                "nic_type": "",
                "queue_count": 0,
                "stack_type": "IPV4_ONLY",
                "subnetwork": "https://www.googleapis.com/compute/v1/projects/baoafrik-staging/regions/europe-north2/subnetworks/baoafrik-staging-vpc-public",
                "subnetwork_project": "baoafrik-staging"
              }
            ],
            "network_performance_config": [],
            "params": [],
            "project": "baoafrik-staging",
            "reservation_affinity": [],
            "resource_policies": [],
            "scheduling": [
              {
                "automatic_restart": true,
                "availability_domain": 0,
                "instance_termination_action": "",
                "local_ssd_recovery_timeout": [],
                "max_run_duration": [],
                "min_node_cpus": 0,
                "node_affinities": [],
                "on_host_maintenance": "MIGRATE",
                "on_instance_stop_action": [],
                "preemptible": false,
                "provisioning_model": "STANDARD",
                "termination_time": ""
              }
            ],
            "scratch_disk": [],
            "self_link": "https://www.googleapis.com/compute/v1/projects/baoafrik-staging/zones/europe-north2-a/instances/baoafrik-staging-instance",
            "service_account": [
              {
                "email": "baoafrik-staging-app-sa@baoafrik-staging.iam.gserviceaccount.com",
                "scopes": [
                  "https://www.googleapis.com/auth/cloud-platform"
                ]
              }
            ],
            "shielded_instance_config": [
              {
                "enable_integrity_monitoring": true,
                "enable_secure_boot": false,
                "enable_vtpm": true
              }
            ],
            "tags": [
              "allow-egress",
              "baoafrik-backend-vm"
            ],
            "tags_fingerprint": "npxaqfCSBRo=",
            "terraform_labels": {
              "goog-terraform-provisioned": "true"
            },
            "timeouts": null,
            "zone": "europe-north2-a"
          },
          "sensitive_attributes": [
            [
              {
                "type": "get_attr",
                "value": "boot_disk"
              },
              {
                "type": "index",
                "value": {
                  "value": 0,
                  "type": "number"
                }
              },
              {
                "type": "get_attr",
                "value": "disk_encryption_key_raw"
              }
            ],
            [
              {
                "type": "get_attr",
                "value": "boot_disk"
              },
              {
                "type": "index",
                "value": {
                  "value": 0,
                  "type": "number"
                }
              },
              {
                "type": "get_attr",
                "value": "disk_encryption_key_rsa"
              }
            ]
          ],
          "identity_schema_version": 0,
          "private": "eyJlMmJmYjczMC1lY2FhLTExZTYtOGY4OC0zNDM2M2JjN2M0YzAiOnsiY3JlYXRlIjoxMjAwMDAwMDAwMDAwLCJkZWxldGUiOjEyMDAwMDAwMDAwMDAsInVwZGF0ZSI6MTIwMDAwMDAwMDAwMH0sInNjaGVtYV92ZXJzaW9uIjoiNiJ9",
          "dependencies": [
            "module.iam.google_service_account.app",
            "module.vpc.google_compute_network.vpc",
            "module.vpc.google_compute_subnetwork.public"
          ]
        }
      ]
    },
    {
      "module": "module.iam",
      "mode": "managed",
      "type": "google_project_iam_member",
      "name": "app_storage_admin",
      "provider": "provider[\"registry.terraform.io/hashicorp/google\"]",
      "instances": [
        {
          "schema_version": 0,
          "attributes": {
            "condition": [],
            "etag": "BwZFhj60cKs=",
            "id": "baoafrik-staging/roles/storage.admin/serviceAccount:baoafrik-staging-app-sa@baoafrik-staging.iam.gserviceaccount.com",
            "member": "serviceAccount:baoafrik-staging-app-sa@baoafrik-staging.iam.gserviceaccount.com",
            "project": "baoafrik-staging",
            "role": "roles/storage.admin"
          },
          "sensitive_attributes": [],
          "identity_schema_version": 0,
          "private": "bnVsbA==",
          "dependencies": [
            "module.iam.google_service_account.app"
          ]
        }
      ]
    },
    {
      "module": "module.iam",
      "mode": "managed",
      "type": "google_project_iam_member",
      "name": "app_storage_object_admin",
      "provider": "provider[\"registry.terraform.io/hashicorp/google\"]",
      "instances": [
        {
          "schema_version": 0,
          "attributes": {
            "condition": [],
            "etag": "BwZFhj60cKs=",
            "id": "baoafrik-staging/roles/storage.objectAdmin/serviceAccount:baoafrik-staging-app-sa@baoafrik-staging.iam.gserviceaccount.com",
            "member": "serviceAccount:baoafrik-staging-app-sa@baoafrik-staging.iam.gserviceaccount.com",
            "project": "baoafrik-staging",
            "role": "roles/storage.objectAdmin"
          },
          "sensitive_attributes": [],
          "identity_schema_version": 0,
          "private": "bnVsbA==",
          "dependencies": [
            "module.iam.google_service_account.app"
          ]
        }
      ]
    },
    {
      "module": "module.iam",
      "mode": "managed",
      "type": "google_project_iam_member",
      "name": "app_storage_viewer",
      "provider": "provider[\"registry.terraform.io/hashicorp/google\"]",
      "instances": [
        {
          "schema_version": 0,
          "attributes": {
            "condition": [],
            "etag": "BwZFhj60cKs=",
            "id": "baoafrik-staging/roles/storage.objectViewer/serviceAccount:baoafrik-staging-app-sa@baoafrik-staging.iam.gserviceaccount.com",
            "member": "serviceAccount:baoafrik-staging-app-sa@baoafrik-staging.iam.gserviceaccount.com",
            "project": "baoafrik-staging",
            "role": "roles/storage.objectViewer"
          },
          "sensitive_attributes": [],
          "identity_schema_version": 0,
          "private": "bnVsbA==",
          "dependencies": [
            "module.iam.google_service_account.app"
          ]
        }
      ]
    },
    {
      "module": "module.iam",
      "mode": "managed",
      "type": "google_service_account",
      "name": "app",
      "provider": "provider[\"registry.terraform.io/hashicorp/google\"]",
      "instances": [
        {
          "schema_version": 0,
          "attributes": {
            "account_id": "baoafrik-staging-app-sa",
            "create_ignore_already_exists": null,
            "description": "",
            "disabled": false,
            "display_name": "baoafrik-staging app service account",
            "email": "baoafrik-staging-app-sa@baoafrik-staging.iam.gserviceaccount.com",
            "id": "projects/baoafrik-staging/serviceAccounts/baoafrik-staging-app-sa@baoafrik-staging.iam.gserviceaccount.com",
            "member": "serviceAccount:baoafrik-staging-app-sa@baoafrik-staging.iam.gserviceaccount.com",
            "name": "projects/baoafrik-staging/serviceAccounts/baoafrik-staging-app-sa@baoafrik-staging.iam.gserviceaccount.com",
            "project": "baoafrik-staging",
            "timeouts": null,
            "unique_id": "114431033680599808041"
          },
          "sensitive_attributes": [],
          "identity_schema_version": 0,
          "private": "eyJlMmJmYjczMC1lY2FhLTExZTYtOGY4OC0zNDM2M2JjN2M0YzAiOnsiY3JlYXRlIjozMDAwMDAwMDAwMDB9fQ=="
        }
      ]
    },
    {
      "module": "module.iam",
      "mode": "managed",
      "type": "google_storage_bucket_iam_member",
      "name": "public_read",
      "provider": "provider[\"registry.terraform.io/hashicorp/google\"]",
      "instances": [
        {
          "schema_version": 0,
          "attributes": {
            "bucket": "b/baoafrik-dev-uploads",
            "condition": [],
            "etag": "CCU=",
            "id": "b/baoafrik-dev-uploads/roles/storage.objectViewer/allUsers",
            "member": "allUsers",
            "role": "roles/storage.objectViewer",
            "timeouts": null
          },
          "sensitive_attributes": [],
          "identity_schema_version": 0,
          "private": "eyJlMmJmYjczMC1lY2FhLTExZTYtOGY4OC0zNDM2M2JjN2M0YzAiOnsiY3JlYXRlIjoxMjAwMDAwMDAwMDAwfX0="
        }
      ]
    },
    {
      "module": "module.storage",
      "mode": "managed",
      "type": "google_storage_bucket",
      "name": "dev",
      "provider": "provider[\"registry.terraform.io/hashicorp/google\"]",
      "instances": [
        {
          "schema_version": 4,
          "attributes": {
            "autoclass": [],
            "cors": [
              {
                "max_age_seconds": 3600,
                "method": [
                  "GET",
                  "PUT",
                  "POST",
                  "DELETE",
                  "HEAD",
                  "OPTIONS"
                ],
                "origin": [
                  "http://localhost:3000",
                  "http://localhost:3001"
                ],
                "response_header": [
                  "Content-Type",
                  "Content-MD5",
                  "Content-Disposition",
                  "ETag",
                  "x-goog-request-id",
                  "x-goog-content-length-range"
                ]
              }
            ],
            "custom_placement_config": [],
            "default_event_based_hold": false,
            "effective_labels": {
              "goog-terraform-provisioned": "true"
            },
            "enable_object_retention": false,
            "encryption": [],
            "force_destroy": true,
            "hierarchical_namespace": [
              {
                "enabled": false
              }
            ],
            "id": "baoafrik-dev-uploads",
            "ip_filter": [],
            "labels": {},
            "lifecycle_rule": [],
            "location": "EUROPE-NORTH2",
            "logging": [],
            "name": "baoafrik-dev-uploads",
            "project": "baoafrik-staging",
            "project_number": 593422956,
            "public_access_prevention": "inherited",
            "requester_pays": false,
            "retention_policy": [],
            "rpo": null,
            "self_link": "https://www.googleapis.com/storage/v1/b/baoafrik-dev-uploads",
            "soft_delete_policy": [
              {
                "effective_time": "2025-12-09T07:16:00.675Z",
                "retention_duration_seconds": 604800
              }
            ],
            "storage_class": "STANDARD",
            "terraform_labels": {
              "goog-terraform-provisioned": "true"
            },
            "time_created": "2025-12-09T07:16:00.675Z",
            "timeouts": null,
            "uniform_bucket_level_access": false,
            "updated": "2025-12-10T11:12:51.364Z",
            "url": "gs://baoafrik-dev-uploads",
            "versioning": [],
            "website": []
          },
          "sensitive_attributes": [],
          "identity_schema_version": 0,
          "private": "eyJlMmJmYjczMC1lY2FhLTExZTYtOGY4OC0zNDM2M2JjN2M0YzAiOnsiY3JlYXRlIjo2MDAwMDAwMDAwMDAsInJlYWQiOjI0MDAwMDAwMDAwMCwidXBkYXRlIjoyNDAwMDAwMDAwMDB9LCJzY2hlbWFfdmVyc2lvbiI6IjQifQ=="
        }
      ]
    },
    {
      "module": "module.storage",
      "mode": "managed",
      "type": "google_storage_bucket",
      "name": "staging",
      "provider": "provider[\"registry.terraform.io/hashicorp/google\"]",
      "instances": [
        {
          "schema_version": 4,
          "attributes": {
            "autoclass": [],
            "cors": [
              {
                "max_age_seconds": 3000,
                "method": [
                  "GET",
                  "PUT",
                  "POST",
                  "DELETE",
                  "HEAD",
                  "OPTIONS"
                ],
                "origin": [
                  "https://staging.baoafrik.com",
                  "https://www.staging.baoafrik.com"
                ],
                "response_header": [
                  "Content-Type",
                  "Content-MD5",
                  "Content-Disposition",
                  "ETag",
                  "x-goog-request-id"
                ]
              }
            ],
            "custom_placement_config": [],
            "default_event_based_hold": false,
            "effective_labels": {
              "goog-terraform-provisioned": "true"
            },
            "enable_object_retention": false,
            "encryption": [],
            "force_destroy": true,
            "hierarchical_namespace": [
              {
                "enabled": false
              }
            ],
            "id": "baoafrik-staging-uploads",
            "ip_filter": [],
            "labels": {},
            "lifecycle_rule": [],
            "location": "EUROPE-NORTH2",
            "logging": [],
            "name": "baoafrik-staging-uploads",
            "project": "baoafrik-staging",
            "project_number": 593422956,
            "public_access_prevention": "inherited",
            "requester_pays": false,
            "retention_policy": [],
            "rpo": null,
            "self_link": "https://www.googleapis.com/storage/v1/b/baoafrik-staging-uploads",
            "soft_delete_policy": [
              {
                "effective_time": "2025-12-09T07:16:00.183Z",
                "retention_duration_seconds": 604800
              }
            ],
            "storage_class": "STANDARD",
            "terraform_labels": {
              "goog-terraform-provisioned": "true"
            },
            "time_created": "2025-12-09T07:16:00.183Z",
            "timeouts": null,
            "uniform_bucket_level_access": false,
            "updated": "2025-12-10T16:38:54.269Z",
            "url": "gs://baoafrik-staging-uploads",
            "versioning": [],
            "website": []
          },
          "sensitive_attributes": [],
          "identity_schema_version": 0,
          "private": "eyJlMmJmYjczMC1lY2FhLTExZTYtOGY4OC0zNDM2M2JjN2M0YzAiOnsiY3JlYXRlIjo2MDAwMDAwMDAwMDAsInJlYWQiOjI0MDAwMDAwMDAwMCwidXBkYXRlIjoyNDAwMDAwMDAwMDB9LCJzY2hlbWFfdmVyc2lvbiI6IjQifQ=="
        }
      ]
    },
    {
      "module": "module.storage",
      "mode": "managed",
      "type": "google_storage_bucket_iam_member",
      "name": "dev_public_read",
      "provider": "provider[\"registry.terraform.io/hashicorp/google\"]",
      "instances": [
        {
          "schema_version": 0,
          "attributes": {
            "bucket": "b/baoafrik-dev-uploads",
            "condition": [],
            "etag": "CCU=",
            "id": "b/baoafrik-dev-uploads/roles/storage.objectViewer/allUsers",
            "member": "allUsers",
            "role": "roles/storage.objectViewer",
            "timeouts": null
          },
          "sensitive_attributes": [],
          "identity_schema_version": 0,
          "private": "eyJlMmJmYjczMC1lY2FhLTExZTYtOGY4OC0zNDM2M2JjN2M0YzAiOnsiY3JlYXRlIjoxMjAwMDAwMDAwMDAwfX0=",
          "dependencies": [
            "module.storage.google_storage_bucket.dev"
          ]
        }
      ]
    },
    {
      "module": "module.storage",
      "mode": "managed",
      "type": "google_storage_bucket_iam_member",
      "name": "dev_service_account_access",
      "provider": "provider[\"registry.terraform.io/hashicorp/google\"]",
      "instances": [
        {
          "schema_version": 0,
          "attributes": {
            "bucket": "b/baoafrik-dev-uploads",
            "condition": [],
            "etag": "CCU=",
            "id": "b/baoafrik-dev-uploads/roles/storage.admin/serviceAccount:baoafrik-staging-app-sa@baoafrik-staging.iam.gserviceaccount.com",
            "member": "serviceAccount:baoafrik-staging-app-sa@baoafrik-staging.iam.gserviceaccount.com",
            "role": "roles/storage.admin",
            "timeouts": null
          },
          "sensitive_attributes": [],
          "identity_schema_version": 0,
          "private": "eyJlMmJmYjczMC1lY2FhLTExZTYtOGY4OC0zNDM2M2JjN2M0YzAiOnsiY3JlYXRlIjoxMjAwMDAwMDAwMDAwfX0=",
          "dependencies": [
            "module.iam.google_service_account.app",
            "module.storage.google_storage_bucket.dev"
          ]
        }
      ]
    },
    {
      "module": "module.storage",
      "mode": "managed",
      "type": "google_storage_bucket_iam_member",
      "name": "staging_public_read",
      "provider": "provider[\"registry.terraform.io/hashicorp/google\"]",
      "instances": [
        {
          "schema_version": 0,
          "attributes": {
            "bucket": "b/baoafrik-staging-uploads",
            "condition": [],
            "etag": "CAk=",
            "id": "b/baoafrik-staging-uploads/roles/storage.objectViewer/allUsers",
            "member": "allUsers",
            "role": "roles/storage.objectViewer",
            "timeouts": null
          },
          "sensitive_attributes": [],
          "identity_schema_version": 0,
          "private": "eyJlMmJmYjczMC1lY2FhLTExZTYtOGY4OC0zNDM2M2JjN2M0YzAiOnsiY3JlYXRlIjoxMjAwMDAwMDAwMDAwfX0=",
          "dependencies": [
            "module.storage.google_storage_bucket.staging"
          ]
        }
      ]
    },
    {
      "module": "module.storage",
      "mode": "managed",
      "type": "google_storage_bucket_iam_member",
      "name": "staging_service_account_access",
      "provider": "provider[\"registry.terraform.io/hashicorp/google\"]",
      "instances": [
        {
          "schema_version": 0,
          "attributes": {
            "bucket": "b/baoafrik-staging-uploads",
            "condition": [],
            "etag": "CAk=",
            "id": "b/baoafrik-staging-uploads/roles/storage.admin/serviceAccount:baoafrik-staging-app-sa@baoafrik-staging.iam.gserviceaccount.com",
            "member": "serviceAccount:baoafrik-staging-app-sa@baoafrik-staging.iam.gserviceaccount.com",
            "role": "roles/storage.admin",
            "timeouts": null
          },
          "sensitive_attributes": [],
          "identity_schema_version": 0,
          "private": "eyJlMmJmYjczMC1lY2FhLTExZTYtOGY4OC0zNDM2M2JjN2M0YzAiOnsiY3JlYXRlIjoxMjAwMDAwMDAwMDAwfX0=",
          "dependencies": [
            "module.iam.google_service_account.app",
            "module.storage.google_storage_bucket.staging"
          ]
        }
      ]
    },
    {
      "module": "module.vpc",
      "mode": "managed",
      "type": "google_compute_firewall",
      "name": "allow_db",
      "provider": "provider[\"registry.terraform.io/hashicorp/google\"]",
      "instances": [
        {
          "schema_version": 1,
          "attributes": {
            "allow": [
              {
                "ports": [
                  "5432"
                ],
                "protocol": "tcp"
              }
            ],
            "creation_timestamp": "2025-12-10T09:12:20.182-08:00",
            "deny": [],
            "description": "",
            "destination_ranges": [],
            "direction": "INGRESS",
            "disabled": false,
            "enable_logging": null,
            "id": "projects/baoafrik-staging/global/firewalls/baoafrik-staging-vpc-allow-db",
            "log_config": [],
            "name": "baoafrik-staging-vpc-allow-db",
            "network": "https://www.googleapis.com/compute/v1/projects/baoafrik-staging/global/networks/baoafrik-staging-vpc",
            "params": [],
            "priority": 1000,
            "project": "baoafrik-staging",
            "self_link": "https://www.googleapis.com/compute/v1/projects/baoafrik-staging/global/firewalls/baoafrik-staging-vpc-allow-db",
            "source_ranges": [
              "200.0.1.0/24"
            ],
            "source_service_accounts": null,
            "source_tags": null,
            "target_service_accounts": null,
            "target_tags": [
              "cloud-sql"
            ],
            "timeouts": null
          },
          "sensitive_attributes": [],
          "identity_schema_version": 0,
          "private": "eyJlMmJmYjczMC1lY2FhLTExZTYtOGY4OC0zNDM2M2JjN2M0YzAiOnsiY3JlYXRlIjoxMjAwMDAwMDAwMDAwLCJkZWxldGUiOjEyMDAwMDAwMDAwMDAsInVwZGF0ZSI6MTIwMDAwMDAwMDAwMH0sInNjaGVtYV92ZXJzaW9uIjoiMSJ9",
          "dependencies": [
            "module.vpc.google_compute_network.vpc"
          ]
        }
      ]
    },
    {
      "module": "module.vpc",
      "mode": "managed",
      "type": "google_compute_firewall",
      "name": "allow_egress",
      "provider": "provider[\"registry.terraform.io/hashicorp/google\"]",
      "instances": [
        {
          "schema_version": 1,
          "attributes": {
            "allow": [
              {
                "ports": [],
                "protocol": "all"
              }
            ],
            "creation_timestamp": "2025-12-10T09:12:20.200-08:00",
            "deny": [],
            "description": "",
            "destination_ranges": [
              "0.0.0.0/0"
            ],
            "direction": "EGRESS",
            "disabled": false,
            "enable_logging": null,
            "id": "projects/baoafrik-staging/global/firewalls/baoafrik-staging-vpc-allow-egress",
            "log_config": [],
            "name": "baoafrik-staging-vpc-allow-egress",
            "network": "https://www.googleapis.com/compute/v1/projects/baoafrik-staging/global/networks/baoafrik-staging-vpc",
            "params": [],
            "priority": 1000,
            "project": "baoafrik-staging",
            "self_link": "https://www.googleapis.com/compute/v1/projects/baoafrik-staging/global/firewalls/baoafrik-staging-vpc-allow-egress",
            "source_ranges": null,
            "source_service_accounts": null,
            "source_tags": null,
            "target_service_accounts": null,
            "target_tags": [
              "allow-egress"
            ],
            "timeouts": null
          },
          "sensitive_attributes": [],
          "identity_schema_version": 0,
          "private": "eyJlMmJmYjczMC1lY2FhLTExZTYtOGY4OC0zNDM2M2JjN2M0YzAiOnsiY3JlYXRlIjoxMjAwMDAwMDAwMDAwLCJkZWxldGUiOjEyMDAwMDAwMDAwMDAsInVwZGF0ZSI6MTIwMDAwMDAwMDAwMH0sInNjaGVtYV92ZXJzaW9uIjoiMSJ9",
          "dependencies": [
            "module.vpc.google_compute_network.vpc"
          ]
        }
      ]
    },
    {
      "module": "module.vpc",
      "mode": "managed",
      "type": "google_compute_firewall",
      "name": "allow_web",
      "provider": "provider[\"registry.terraform.io/hashicorp/google\"]",
      "instances": [
        {
          "schema_version": 1,
          "attributes": {
            "allow": [
              {
                "ports": [
                  "22",
                  "80",
                  "443",
                  "8080",
                  "3000",
                  "3001"
                ],
                "protocol": "tcp"
              }
            ],
            "creation_timestamp": "2025-12-08T23:37:36.023-08:00",
            "deny": [],
            "description": "",
            "destination_ranges": [],
            "direction": "INGRESS",
            "disabled": false,
            "enable_logging": null,
            "id": "projects/baoafrik-staging/global/firewalls/baoafrik-staging-vpc-allow-web",
            "log_config": [],
            "name": "baoafrik-staging-vpc-allow-web",
            "network": "https://www.googleapis.com/compute/v1/projects/baoafrik-staging/global/networks/baoafrik-staging-vpc",
            "params": [],
            "priority": 1000,
            "project": "baoafrik-staging",
            "self_link": "https://www.googleapis.com/compute/v1/projects/baoafrik-staging/global/firewalls/baoafrik-staging-vpc-allow-web",
            "source_ranges": [
              "0.0.0.0/0"
            ],
            "source_service_accounts": [],
            "source_tags": [],
            "target_service_accounts": [],
            "target_tags": [],
            "timeouts": null
          },
          "sensitive_attributes": [],
          "identity_schema_version": 0,
          "private": "eyJlMmJmYjczMC1lY2FhLTExZTYtOGY4OC0zNDM2M2JjN2M0YzAiOnsiY3JlYXRlIjoxMjAwMDAwMDAwMDAwLCJkZWxldGUiOjEyMDAwMDAwMDAwMDAsInVwZGF0ZSI6MTIwMDAwMDAwMDAwMH0sInNjaGVtYV92ZXJzaW9uIjoiMSJ9",
          "dependencies": [
            "module.vpc.google_compute_network.vpc"
          ]
        }
      ]
    },
    {
      "module": "module.vpc",
      "mode": "managed",
      "type": "google_compute_network",
      "name": "vpc",
      "provider": "provider[\"registry.terraform.io/hashicorp/google\"]",
      "instances": [
        {
          "schema_version": 0,
          "attributes": {
            "auto_create_subnetworks": false,
            "bgp_always_compare_med": false,
            "bgp_best_path_selection_mode": "LEGACY",
            "bgp_inter_region_cost": "",
            "delete_default_routes_on_create": false,
            "description": "",
            "enable_ula_internal_ipv6": false,
            "gateway_ipv4": "",
            "id": "projects/baoafrik-staging/global/networks/baoafrik-staging-vpc",
            "internal_ipv6_range": "",
            "mtu": 0,
            "name": "baoafrik-staging-vpc",
            "network_firewall_policy_enforcement_order": "AFTER_CLASSIC_FIREWALL",
            "network_id": "5889318219450838876",
            "network_profile": "",
            "numeric_id": "5889318219450838876",
            "params": [],
            "project": "baoafrik-staging",
            "routing_mode": "REGIONAL",
            "self_link": "https://www.googleapis.com/compute/v1/projects/baoafrik-staging/global/networks/baoafrik-staging-vpc",
            "timeouts": null
          },
          "sensitive_attributes": [],
          "identity_schema_version": 0,
          "private": "eyJlMmJmYjczMC1lY2FhLTExZTYtOGY4OC0zNDM2M2JjN2M0YzAiOnsiY3JlYXRlIjoxMjAwMDAwMDAwMDAwLCJkZWxldGUiOjEyMDAwMDAwMDAwMDAsInVwZGF0ZSI6MTIwMDAwMDAwMDAwMH19"
        }
      ]
    },
    {
      "module": "module.vpc",
      "mode": "managed",
      "type": "google_compute_subnetwork",
      "name": "private",
      "provider": "provider[\"registry.terraform.io/hashicorp/google\"]",
      "instances": [
        {
          "schema_version": 0,
          "attributes": {
            "creation_timestamp": "2025-12-08T23:37:39.079-08:00",
            "description": "",
            "external_ipv6_prefix": "",
            "fingerprint": null,
            "gateway_address": "200.0.1.1",
            "id": "projects/baoafrik-staging/regions/europe-north2/subnetworks/baoafrik-staging-vpc-private",
            "internal_ipv6_prefix": "",
            "ip_cidr_range": "200.0.1.0/24",
            "ip_collection": null,
            "ipv6_access_type": "",
            "ipv6_cidr_range": "",
            "ipv6_gce_endpoint": "",
            "log_config": [],
            "name": "baoafrik-staging-vpc-private",
            "network": "https://www.googleapis.com/compute/v1/projects/baoafrik-staging/global/networks/baoafrik-staging-vpc",
            "params": [],
            "private_ip_google_access": true,
            "private_ipv6_google_access": "DISABLE_GOOGLE_ACCESS",
            "project": "baoafrik-staging",
            "purpose": "PRIVATE",
            "region": "europe-north2",
            "reserved_internal_range": "",
            "role": "",
            "secondary_ip_range": [],
            "self_link": "https://www.googleapis.com/compute/v1/projects/baoafrik-staging/regions/europe-north2/subnetworks/baoafrik-staging-vpc-private",
            "send_secondary_ip_range_if_empty": null,
            "stack_type": "IPV4_ONLY",
            "state": "",
            "subnetwork_id": -1214615764,
            "timeouts": null
          },
          "sensitive_attributes": [],
          "identity_schema_version": 0,
          "private": "eyJlMmJmYjczMC1lY2FhLTExZTYtOGY4OC0zNDM2M2JjN2M0YzAiOnsiY3JlYXRlIjoxMjAwMDAwMDAwMDAwLCJkZWxldGUiOjEyMDAwMDAwMDAwMDAsInVwZGF0ZSI6MTIwMDAwMDAwMDAwMH19",
          "dependencies": [
            "module.vpc.google_compute_network.vpc"
          ]
        }
      ]
    },
    {
      "module": "module.vpc",
      "mode": "managed",
      "type": "google_compute_subnetwork",
      "name": "public",
      "provider": "provider[\"registry.terraform.io/hashicorp/google\"]",
      "instances": [
        {
          "schema_version": 0,
          "attributes": {
            "creation_timestamp": "2025-12-08T23:37:40.740-08:00",
            "description": "",
            "external_ipv6_prefix": "",
            "fingerprint": null,
            "gateway_address": "200.0.0.1",
            "id": "projects/baoafrik-staging/regions/europe-north2/subnetworks/baoafrik-staging-vpc-public",
            "internal_ipv6_prefix": "",
            "ip_cidr_range": "200.0.0.0/24",
            "ip_collection": null,
            "ipv6_access_type": "",
            "ipv6_cidr_range": "",
            "ipv6_gce_endpoint": "",
            "log_config": [],
            "name": "baoafrik-staging-vpc-public",
            "network": "https://www.googleapis.com/compute/v1/projects/baoafrik-staging/global/networks/baoafrik-staging-vpc",
            "params": [],
            "private_ip_google_access": false,
            "private_ipv6_google_access": "DISABLE_GOOGLE_ACCESS",
            "project": "baoafrik-staging",
            "purpose": "PRIVATE",
            "region": "europe-north2",
            "reserved_internal_range": "",
            "role": "",
            "secondary_ip_range": [],
            "self_link": "https://www.googleapis.com/compute/v1/projects/baoafrik-staging/regions/europe-north2/subnetworks/baoafrik-staging-vpc-public",
            "send_secondary_ip_range_if_empty": null,
            "stack_type": "IPV4_ONLY",
            "state": "",
            "subnetwork_id": -1214615765,
            "timeouts": null
          },
          "sensitive_attributes": [],
          "identity_schema_version": 0,
          "private": "eyJlMmJmYjczMC1lY2FhLTExZTYtOGY4OC0zNDM2M2JjN2M0YzAiOnsiY3JlYXRlIjoxMjAwMDAwMDAwMDAwLCJkZWxldGUiOjEyMDAwMDAwMDAwMDAsInVwZGF0ZSI6MTIwMDAwMDAwMDAwMH19",
          "dependencies": [
            "module.vpc.google_compute_network.vpc"
          ]
        }
      ]
    }
  ],
  "check_results": null
}
